
Microsoft Visual Studio Solution File, Format Version 12.00
# Visual Studio Version 17
VisualStudioVersion = 17.2.32526.322
MinimumVisualStudioVersion = 10.0.40219.1
Project("{FAE04EC0-301F-11D3-BF4B-00C04F79EFBC}") = "ProvaProva", "ProvaProva.csproj", "{CA1C2DCF-7FBE-4248-AF84-2BBD2200719D}"
EndProject
Global
	GlobalSection(SolutionConfigurationPlatforms) = preSolution
		Debug|Any CPU = Debug|Any CPU
		Release|Any CPU = Release|Any CPU
	EndGlobalSection
	GlobalSection(ProjectConfigurationPlatforms) = postSolution
		{CA1C2DCF-7FBE-4248-AF84-2BBD2200719D}.Debug|Any CPU.ActiveCfg = Debug|Any CPU
		{CA1C2DCF-7FBE-4248-AF84-2BBD2200719D}.Debug|Any CPU.Build.0 = Debug|Any CPU
		{CA1C2DCF-7FBE-4248-AF84-2BBD2200719D}.Release|Any CPU.ActiveCfg = Release|Any CPU
		{CA1C2DCF-7FBE-4248-AF84-2BBD2200719D}.Release|Any CPU.Build.0 = Release|Any CPU
	EndGlobalSection
	GlobalSection(SolutionProperties) = preSolution
		HideSolutionNode = FALSE
	EndGlobalSection
	GlobalSection(ExtensibilityGlobals) = postSolution
		SolutionGuid = {4197C178-E661-49C9-A1EC-2B1A291B2D25}
	EndGlobalSection
EndGlobal
